{
  "version": 4,
  "terraform_version": "1.9.8",
  "serial": 193,
  "lineage": "7a46c6df-4a72-53ce-8957-43efae03ea7d",
  "outputs": {
    "ec2_dashboard_public_ip": {
      "value": "44.211.196.75",
      "type": "string"
    },
    "logging_bucket": {
      "value": "my-logging-buck-tf-security-lab",
      "type": "string"
    },
    "private_key": {
      "value": "-----BEGIN RSA PRIVATE KEY-----\nMIIJKAIBAAKCAgEAxF1+ITKSJdHeCU8BvP2cF59VuANsX7p246l7etvNztpXPaT9\n9Er1L7zaSOBLEuArkxq5jMMazytOxjV9CwWBQS7L0JsqkjYjEiEzIhyzZ0khbgR8\n7ZD9zwaA218iXY5a9Tq17z0xN9zPSmQoZbCxxRBxeP+nHHiET29g/yabOk40yWuE\nbpGzt0+I25SaSLPxjymQNVnqI/A5u9QvCBeBhtz9ez1aHeEuD/0ycJV6Xviftd36\n3c9rC6t+kp8QP9BATurP/w8KWdfa6BgypcNl30iAIEh74RWH8k4JepqU71xs0tYB\nke15n+eUDjI5C7mUCkazXfkVoHus10g3/IPMcethcaet36tF075sBoDGrwL+08ZC\n+EDnCj8UX2uvscV+s97R9aJxDf4dyS29lZPHTjRn93EJPRc1xNtQiPLBxa3q4eHD\nIXXYVWL/6AiKILnX7oIIEtClCq/jQYtRFudC/WZjuJlez7XG88ZtasU+KpAKFQPZ\nRGAuZYQtovfBxu4KELJr5N1BOZCkIt54jYy1eX3sygl4xY6wXvzuw8SLNgRxY0lv\n6syjy7pA/F7KsYcoVtpnCCmEv0/L7vZ2vyTYx+4RLvVluH6IkbKBOxHlzXIrtGcH\ncZNl4MegPy89l8EUSTFQvC1hCnKCMnMSQEq5dJNC1JudWj/XW0GXM8tisVcCAwEA\nAQKCAgAaaXTgpDuyKJNT7zONpxMKvly6PoOiMKNzJcW9FbmN/CJF4V5jMH3gKOe3\na6vNYyeZRrv0af2+JdYXpPQnulrTWKcDbQuB1RRMiPimuvOKjfSYJrRjA+CPqxFD\n8Hzf1pj3aSk1f6aSG/opyGUCoIyYtAh/POvOUYuCX7nNN/UjF4fUG8kZUjG5E1KW\nLlu+Ma3pEq8Z7fknUlWBpR2aWgcLC8hwfiUT5cjbT7QsHn7yLUDWJoBqu05rqGqC\n8DAwVSOBOeY2KWC8CuOf2jldwHWAXfEV5on7EXlSpxpxSj+EHotopG5boXR9hJmO\ne0TfBdwasb3IgwtcpaXu4wDczyF9aNRLw04g2bFu4ozCOQlcz7231Q94UHr4OucH\nwcDqIJOIgfqApP+nOBZgjT9DWJY/EabOhajW76SquTLG++Pvd0r6odZmQmeXfiaz\nVypHO9xHYWhydp6GoBmVGa/rpfXkER7ftPtNeAWg+ZP/+U41xGZQ7WBJyNHkNiL8\n7C9beZl1eLa5upB2KQFKmnb6/uNvzyr7D5DVrWWeRnBxCv3kKAprNdJwjlBAWggP\n27P0uQhnb/RUnNRdWEw5l97dAwUp3YIujlnlYnqKc/QGD/op32kqG7P1bim15dB4\nDEpYb+W4sF8ZhFS9f3TE2dFWDDxTX1LK+i4rZdEP3TuE9jXG4QKCAQEA5l+fyZOv\nOImTiQW0Ukphfpl59X+RwnyeCxrd0Qy4Gsl7+TR7vbceMBVtRv/ni5Gs/CfzuZJn\nFTvz7vzyy3jWjPm56fKB5KSf5avB3S2HEUvQ9zZ4FPIqHpYugSOirz1Q+b6EeiIk\nOCF51w/Qg0c/urBh5ZvvITXD9QoigoXrc1RCkiA9H/0E5LKENub3O9Dt8/pdFepA\n/XbSQmTPOfaXPAQ7JgOWkEYSrrcNnRKLGjWJXP8hHbY5wvICUPHQw83ZEjmSV9FL\nxFv0H8BZZyj1ygZM0uRCN+ZmgRFUzH9hy86/6foEPkOXfrgvQZuQlMucLbEJK/hx\nZjV4pgY1sHFJBwKCAQEA2jVov9C1wOCm5kWvYaO3Zi1t8pZ2YYLiSgJujyVRCcUw\nTWE55pOJpQm0k15R1Hgz4b1D2weIMRewZpOHyaDywJHYKuXZih7F58n0r802EkWu\n2HOSdFglDt69gUaYFqNPOu2b3LPuC1YqEK1Gsllz5CFKsbShY7BgCnjEANPmI4eg\nlY8bBnlq6E7Lw1C5bkyUhi19Ok37FBsYRV1zJjchtBwYTcaUKcGTsIpBW3hOAmRP\n2KkkYH38G2YjtM+SLQ2x/1vHACIYq6fehkflAbXKKjizuqT3mClPXcBvZwAr9fbJ\nuAaJ1TPfvFdgi1diNipDR4HBTSryqqFI2pqoYgPRMQKCAQEAqUeo5Xlk7vmA9NXB\nPBq1604hpPjZhX0GsQhL6FodSmm1dFhReQV+5DxKcTqHzTH9V8iPulPO9XZ5d6pd\nSpB/r1WtfDAbrIQfjqeYK8tRja8VXSKkOFf+BT277F7gIz6+KtYJCKnfzXMj0Zko\nUd7gAHGtbggYPmIAnSWWWCzJ55QJ2tBfugq1NsvKhYFQOJ78yyO0lO7uVJGkTO9A\nqsn9NTeysus+DsO+5K1UDpBasKaYSkKa9fc6GHq2ov4dtlOjZ1XwqCD+OMqM52vz\nBe++NHZOq0TZN7RQrBStKBuOJDHHKcnypkIKpy32Y5JJOl0nZRfKsom74iv2fKDh\ngMatrwKCAQBJYvcEs9O8t5FKFpuiUeZHVfYJRTMxHkyuqVy3hcxYZdoV3CIV+v6q\n47W4bltFAtwoCng8vK7AHAB2rx1W4Wti+mniG4VrH2hdyR0i1vhdctQX9d6GhHKK\nKr0/MhfKXUgzQGBP/K+NXoAtNal2KAGC8vNlCqPQnCvgubbptFpNDrsiMYvcRI+A\n66c52/dRMi4tZjUcm8dafrZN9dzZOGd8ZIqD9co0tObP09+hPLe3tDbqXhBe52AX\ncuWFVN4LivSXNi2aTN1RNdbwAFPznEkOpB1GI18l7JbFqAePc45VXZd/7asDajvP\n4u8UTeI450PTU79IDa6pVi7jXmpM9I2xAoIBAFJjtr2pFmbI72zKEG+65zrfrwOM\nJvKGvM+iEtLZjS5MztMLHQ5vLpJyiI2pwyutD5iYbrYPxHTsJ5NmHtRZ9THVfn0m\nkpy3ymGvEIm7Xm9UlAAMDm4AIaiAkIkcOpkvr0SHnQi0QBLv1tCjHGkb37NsB4/9\n3OzGQ5AgtdAIzsivB2gbjOvnAlJaRraC8l8+Tx5genD6y8tDT1RLvnYiPX09mIXE\ngVN1QJtL8xdltBOoGnc42ArTvjpTLVubrL7Ocf7qIX/V/PhVC0ACdPq6mJ3m4X7I\nvFaFCXUE8hc55U9Z2/7r/CZAtL0KpqF6AOaMVLxKew68LY1UKSkiQFHMtsc=\n-----END RSA PRIVATE KEY-----\n",
      "type": "string",
      "sensitive": true
    },
    "vpc_id": {
      "value": "vpc-04a849ff620db9e6a",
      "type": "string"
    }
  },
  "resources": [
    {
      "mode": "data",
      "type": "aws_ami",
      "name": "latest_amazon_linux",
      "provider": "provider[\"registry.terraform.io/hashicorp/aws\"]",
      "instances": [
        {
          "schema_version": 0,
          "attributes": {
            "architecture": "x86_64",
            "arn": "arn:aws:ec2:us-east-1::image/ami-09e4ba81d75ebeb6a",
            "block_device_mappings": [
              {
                "device_name": "/dev/xvda",
                "ebs": {
                  "delete_on_termination": "true",
                  "encrypted": "false",
                  "iops": "0",
                  "snapshot_id": "snap-06d0cd67bc180ad50",
                  "throughput": "0",
                  "volume_size": "8",
                  "volume_type": "gp2"
                },
                "no_device": "",
                "virtual_name": ""
              }
            ],
            "boot_mode": "",
            "creation_date": "2024-11-13T23:35:13.000Z",
            "deprecation_time": "2025-07-01T00:00:00.000Z",
            "description": "Amazon Linux 2 AMI 2.0.20241113.1 x86_64 HVM gp2",
            "ena_support": true,
            "executable_users": null,
            "filter": [
              {
                "name": "name",
                "values": [
                  "amzn2-ami-hvm-*-x86_64-gp2"
                ]
              },
              {
                "name": "virtualization-type",
                "values": [
                  "hvm"
                ]
              }
            ],
            "hypervisor": "xen",
            "id": "ami-09e4ba81d75ebeb6a",
            "image_id": "ami-09e4ba81d75ebeb6a",
            "image_location": "amazon/amzn2-ami-hvm-2.0.20241113.1-x86_64-gp2",
            "image_owner_alias": "amazon",
            "image_type": "machine",
            "imds_support": "",
            "include_deprecated": false,
            "kernel_id": "",
            "most_recent": true,
            "name": "amzn2-ami-hvm-2.0.20241113.1-x86_64-gp2",
            "name_regex": null,
            "owner_id": "137112412989",
            "owners": [
              "amazon"
            ],
            "platform": "",
            "platform_details": "Linux/UNIX",
            "product_codes": [],
            "public": true,
            "ramdisk_id": "",
            "root_device_name": "/dev/xvda",
            "root_device_type": "ebs",
            "root_snapshot_id": "snap-06d0cd67bc180ad50",
            "sriov_net_support": "simple",
            "state": "available",
            "state_reason": {
              "code": "UNSET",
              "message": "UNSET"
            },
            "tags": {},
            "timeouts": null,
            "tpm_support": "",
            "usage_operation": "RunInstances",
            "virtualization_type": "hvm"
          },
          "sensitive_attributes": []
        }
      ]
    },
    {
      "mode": "managed",
      "type": "aws_key_pair",
      "name": "dashboard_key",
      "provider": "provider[\"registry.terraform.io/hashicorp/aws\"]",
      "instances": [
        {
          "schema_version": 1,
          "attributes": {
            "arn": "arn:aws:ec2:us-east-1:195275658561:key-pair/dashboard-key",
            "fingerprint": "60:13:74:2e:59:32:e9:b1:2f:fb:26:32:54:d0:50:9c",
            "id": "dashboard-key",
            "key_name": "dashboard-key",
            "key_name_prefix": "",
            "key_pair_id": "key-012663e2e9fd05ab9",
            "key_type": "rsa",
            "public_key": "ssh-rsa AAAAB3NzaC1yc2EAAAADAQABAAACAQDEXX4hMpIl0d4JTwG8/ZwXn1W4A2xfunbjqXt6283O2lc9pP30SvUvvNpI4EsS4CuTGrmMwxrPK07GNX0LBYFBLsvQmyqSNiMSITMiHLNnSSFuBHztkP3PBoDbXyJdjlr1OrXvPTE33M9KZChlsLHFEHF4/6cceIRPb2D/Jps6TjTJa4RukbO3T4jblJpIs/GPKZA1Weoj8Dm71C8IF4GG3P17PVod4S4P/TJwlXpe+J+13frdz2sLq36SnxA/0EBO6s//DwpZ19roGDKlw2XfSIAgSHvhFYfyTgl6mpTvXGzS1gGR7Xmf55QOMjkLuZQKRrNd+RWge6zXSDf8g8xx62Fxp63fq0XTvmwGgMavAv7TxkL4QOcKPxRfa6+xxX6z3tH1onEN/h3JLb2Vk8dONGf3cQk9FzXE21CI8sHFrerh4cMhddhVYv/oCIogudfugggS0KUKr+NBi1EW50L9ZmO4mV7Ptcbzxm1qxT4qkAoVA9lEYC5lhC2i98HG7goQsmvk3UE5kKQi3niNjLV5fezKCXjFjrBe/O7DxIs2BHFjSW/qzKPLukD8XsqxhyhW2mcIKYS/T8vu9na/JNjH7hEu9WW4foiRsoE7EeXNciu0Zwdxk2Xgx6A/Lz2XwRRJMVC8LWEKcoIycxJASrl0k0LUm51aP9dbQZczy2KxVw==",
            "tags": null,
            "tags_all": {}
          },
          "sensitive_attributes": [],
          "private": "eyJzY2hlbWFfdmVyc2lvbiI6IjEifQ==",
          "dependencies": [
            "tls_private_key.rsa"
          ]
        }
      ]
    },
    {
      "mode": "managed",
      "type": "tls_private_key",
      "name": "rsa",
      "provider": "provider[\"registry.terraform.io/hashicorp/tls\"]",
      "instances": [
        {
          "schema_version": 1,
          "attributes": {
            "algorithm": "RSA",
            "ecdsa_curve": "P224",
            "id": "89d25d55de89e83501e23764a0a24f0a7c54f039",
            "private_key_openssh": "-----BEGIN OPENSSH PRIVATE KEY-----\nb3BlbnNzaC1rZXktdjEAAAAABG5vbmUAAAAEbm9uZQAAAAAAAAABAAACFwAAAAdz\nc2gtcnNhAAAAAwEAAQAAAgEAxF1+ITKSJdHeCU8BvP2cF59VuANsX7p246l7etvN\nztpXPaT99Er1L7zaSOBLEuArkxq5jMMazytOxjV9CwWBQS7L0JsqkjYjEiEzIhyz\nZ0khbgR87ZD9zwaA218iXY5a9Tq17z0xN9zPSmQoZbCxxRBxeP+nHHiET29g/yab\nOk40yWuEbpGzt0+I25SaSLPxjymQNVnqI/A5u9QvCBeBhtz9ez1aHeEuD/0ycJV6\nXviftd363c9rC6t+kp8QP9BATurP/w8KWdfa6BgypcNl30iAIEh74RWH8k4JepqU\n71xs0tYBke15n+eUDjI5C7mUCkazXfkVoHus10g3/IPMcethcaet36tF075sBoDG\nrwL+08ZC+EDnCj8UX2uvscV+s97R9aJxDf4dyS29lZPHTjRn93EJPRc1xNtQiPLB\nxa3q4eHDIXXYVWL/6AiKILnX7oIIEtClCq/jQYtRFudC/WZjuJlez7XG88ZtasU+\nKpAKFQPZRGAuZYQtovfBxu4KELJr5N1BOZCkIt54jYy1eX3sygl4xY6wXvzuw8SL\nNgRxY0lv6syjy7pA/F7KsYcoVtpnCCmEv0/L7vZ2vyTYx+4RLvVluH6IkbKBOxHl\nzXIrtGcHcZNl4MegPy89l8EUSTFQvC1hCnKCMnMSQEq5dJNC1JudWj/XW0GXM8ti\nsVcAAAc4uJY8fLiWPHwAAAAHc3NoLXJzYQAAAgEAxF1+ITKSJdHeCU8BvP2cF59V\nuANsX7p246l7etvNztpXPaT99Er1L7zaSOBLEuArkxq5jMMazytOxjV9CwWBQS7L\n0JsqkjYjEiEzIhyzZ0khbgR87ZD9zwaA218iXY5a9Tq17z0xN9zPSmQoZbCxxRBx\neP+nHHiET29g/yabOk40yWuEbpGzt0+I25SaSLPxjymQNVnqI/A5u9QvCBeBhtz9\nez1aHeEuD/0ycJV6Xviftd363c9rC6t+kp8QP9BATurP/w8KWdfa6BgypcNl30iA\nIEh74RWH8k4JepqU71xs0tYBke15n+eUDjI5C7mUCkazXfkVoHus10g3/IPMceth\ncaet36tF075sBoDGrwL+08ZC+EDnCj8UX2uvscV+s97R9aJxDf4dyS29lZPHTjRn\n93EJPRc1xNtQiPLBxa3q4eHDIXXYVWL/6AiKILnX7oIIEtClCq/jQYtRFudC/WZj\nuJlez7XG88ZtasU+KpAKFQPZRGAuZYQtovfBxu4KELJr5N1BOZCkIt54jYy1eX3s\nygl4xY6wXvzuw8SLNgRxY0lv6syjy7pA/F7KsYcoVtpnCCmEv0/L7vZ2vyTYx+4R\nLvVluH6IkbKBOxHlzXIrtGcHcZNl4MegPy89l8EUSTFQvC1hCnKCMnMSQEq5dJNC\n1JudWj/XW0GXM8tisVcAAAADAQABAAACABppdOCkO7Iok1PvM42nEwq+XLo+g6Iw\no3Mlxb0VuY38IkXhXmMwfeAo57drq81jJ5lGu/Rp/b4l1hek9Ce6WtNYpwNtC4HV\nFEyI+Ka684qN9JgmtGMD4I+rEUPwfN/WmPdpKTV/ppIb+inIZQKgjJi0CH88685R\ni4Jfuc039SMXh9QbyRlSMbkTUpYuW74xrekSrxnt+SdSVYGlHZpaBwsLyHB+JRPl\nyNtPtCwefvItQNYmgGq7TmuoaoLwMDBVI4E55jYpYLwK45/aOV3AdYBd8RXmifsR\neVKnGnFKP4Qei2ikbluhdH2EmY57RN8F3BqxvciDC1ylpe7jANzPIX1o1EvDTiDZ\nsW7ijMI5CVzPvbfVD3hQevg65wfBwOogk4iB+oCk/6c4FmCNP0NYlj8Rps6FqNbv\npKq5Msb74+93Svqh1mZCZ5d+JrNXKkc73EdhaHJ2noagGZUZr+ul9eQRHt+0+014\nBaD5k//5TjXEZlDtYEnI0eQ2IvzsL1t5mXV4trm6kHYpAUqadvr+42/PKvsPkNWt\nZZ5GcHEK/eQoCms10nCOUEBaCA/bs/S5CGdv9FSc1F1YTDmX3t0DBSndgi6OWeVi\neopz9AYP+infaSobs/VuKbXl0HgMSlhv5biwXxmEVL1/dMTZ0VYMPFNfUsr6Litl\n0Q/dO4T2NcbhAAABAFJjtr2pFmbI72zKEG+65zrfrwOMJvKGvM+iEtLZjS5MztML\nHQ5vLpJyiI2pwyutD5iYbrYPxHTsJ5NmHtRZ9THVfn0mkpy3ymGvEIm7Xm9UlAAM\nDm4AIaiAkIkcOpkvr0SHnQi0QBLv1tCjHGkb37NsB4/93OzGQ5AgtdAIzsivB2gb\njOvnAlJaRraC8l8+Tx5genD6y8tDT1RLvnYiPX09mIXEgVN1QJtL8xdltBOoGnc4\n2ArTvjpTLVubrL7Ocf7qIX/V/PhVC0ACdPq6mJ3m4X7IvFaFCXUE8hc55U9Z2/7r\n/CZAtL0KpqF6AOaMVLxKew68LY1UKSkiQFHMtscAAAEBAOZfn8mTrziJk4kFtFJK\nYX6ZefV/kcJ8ngsa3dEMuBrJe/k0e723HjAVbUb/54uRrPwn87mSZxU78+788st4\n1oz5uenygeSkn+Wrwd0thxFL0Pc2eBTyKh6WLoEjoq89UPm+hHoiJDghedcP0INH\nP7qwYeWb7yE1w/UKIoKF63NUQpIgPR/9BOSyhDbm9zvQ7fP6XRXqQP120kJkzzn2\nlzwEOyYDlpBGEq63DZ0Sixo1iVz/IR22OcLyAlDx0MPN2RI5klfRS8Rb9B/AWWco\n9coGTNLkQjfmZoERVMx/YcvOv+n6BD5Dl364L0GbkJTLnC2xCSv4cWY1eKYGNbBx\nSQcAAAEBANo1aL/QtcDgpuZFr2Gjt2YtbfKWdmGC4koCbo8lUQnFME1hOeaTiaUJ\ntJNeUdR4M+G9Q9sHiDEXsGaTh8mg8sCR2Crl2YoexefJ9K/NNhJFrthzknRYJQ7e\nvYFGmBajTzrtm9yz7gtWKhCtRrJZc+QhSrG0oWOwYAp4xADT5iOHoJWPGwZ5auhO\ny8NQuW5MlIYtfTpN+xQbGEVdcyY3IbQcGE3GlCnBk7CKQVt4TgJkT9ipJGB9/Btm\nI7TPki0Nsf9bxwAiGKun3oZH5QG1yio4s7qk95gpT13Ab2cAK/X2ybgGidUz37xX\nYItXYjYqQ0eBwU0q8qqhSNqaqGID0TEAAAAAAQID\n-----END OPENSSH PRIVATE KEY-----\n",
            "private_key_pem": "-----BEGIN RSA PRIVATE KEY-----\nMIIJKAIBAAKCAgEAxF1+ITKSJdHeCU8BvP2cF59VuANsX7p246l7etvNztpXPaT9\n9Er1L7zaSOBLEuArkxq5jMMazytOxjV9CwWBQS7L0JsqkjYjEiEzIhyzZ0khbgR8\n7ZD9zwaA218iXY5a9Tq17z0xN9zPSmQoZbCxxRBxeP+nHHiET29g/yabOk40yWuE\nbpGzt0+I25SaSLPxjymQNVnqI/A5u9QvCBeBhtz9ez1aHeEuD/0ycJV6Xviftd36\n3c9rC6t+kp8QP9BATurP/w8KWdfa6BgypcNl30iAIEh74RWH8k4JepqU71xs0tYB\nke15n+eUDjI5C7mUCkazXfkVoHus10g3/IPMcethcaet36tF075sBoDGrwL+08ZC\n+EDnCj8UX2uvscV+s97R9aJxDf4dyS29lZPHTjRn93EJPRc1xNtQiPLBxa3q4eHD\nIXXYVWL/6AiKILnX7oIIEtClCq/jQYtRFudC/WZjuJlez7XG88ZtasU+KpAKFQPZ\nRGAuZYQtovfBxu4KELJr5N1BOZCkIt54jYy1eX3sygl4xY6wXvzuw8SLNgRxY0lv\n6syjy7pA/F7KsYcoVtpnCCmEv0/L7vZ2vyTYx+4RLvVluH6IkbKBOxHlzXIrtGcH\ncZNl4MegPy89l8EUSTFQvC1hCnKCMnMSQEq5dJNC1JudWj/XW0GXM8tisVcCAwEA\nAQKCAgAaaXTgpDuyKJNT7zONpxMKvly6PoOiMKNzJcW9FbmN/CJF4V5jMH3gKOe3\na6vNYyeZRrv0af2+JdYXpPQnulrTWKcDbQuB1RRMiPimuvOKjfSYJrRjA+CPqxFD\n8Hzf1pj3aSk1f6aSG/opyGUCoIyYtAh/POvOUYuCX7nNN/UjF4fUG8kZUjG5E1KW\nLlu+Ma3pEq8Z7fknUlWBpR2aWgcLC8hwfiUT5cjbT7QsHn7yLUDWJoBqu05rqGqC\n8DAwVSOBOeY2KWC8CuOf2jldwHWAXfEV5on7EXlSpxpxSj+EHotopG5boXR9hJmO\ne0TfBdwasb3IgwtcpaXu4wDczyF9aNRLw04g2bFu4ozCOQlcz7231Q94UHr4OucH\nwcDqIJOIgfqApP+nOBZgjT9DWJY/EabOhajW76SquTLG++Pvd0r6odZmQmeXfiaz\nVypHO9xHYWhydp6GoBmVGa/rpfXkER7ftPtNeAWg+ZP/+U41xGZQ7WBJyNHkNiL8\n7C9beZl1eLa5upB2KQFKmnb6/uNvzyr7D5DVrWWeRnBxCv3kKAprNdJwjlBAWggP\n27P0uQhnb/RUnNRdWEw5l97dAwUp3YIujlnlYnqKc/QGD/op32kqG7P1bim15dB4\nDEpYb+W4sF8ZhFS9f3TE2dFWDDxTX1LK+i4rZdEP3TuE9jXG4QKCAQEA5l+fyZOv\nOImTiQW0Ukphfpl59X+RwnyeCxrd0Qy4Gsl7+TR7vbceMBVtRv/ni5Gs/CfzuZJn\nFTvz7vzyy3jWjPm56fKB5KSf5avB3S2HEUvQ9zZ4FPIqHpYugSOirz1Q+b6EeiIk\nOCF51w/Qg0c/urBh5ZvvITXD9QoigoXrc1RCkiA9H/0E5LKENub3O9Dt8/pdFepA\n/XbSQmTPOfaXPAQ7JgOWkEYSrrcNnRKLGjWJXP8hHbY5wvICUPHQw83ZEjmSV9FL\nxFv0H8BZZyj1ygZM0uRCN+ZmgRFUzH9hy86/6foEPkOXfrgvQZuQlMucLbEJK/hx\nZjV4pgY1sHFJBwKCAQEA2jVov9C1wOCm5kWvYaO3Zi1t8pZ2YYLiSgJujyVRCcUw\nTWE55pOJpQm0k15R1Hgz4b1D2weIMRewZpOHyaDywJHYKuXZih7F58n0r802EkWu\n2HOSdFglDt69gUaYFqNPOu2b3LPuC1YqEK1Gsllz5CFKsbShY7BgCnjEANPmI4eg\nlY8bBnlq6E7Lw1C5bkyUhi19Ok37FBsYRV1zJjchtBwYTcaUKcGTsIpBW3hOAmRP\n2KkkYH38G2YjtM+SLQ2x/1vHACIYq6fehkflAbXKKjizuqT3mClPXcBvZwAr9fbJ\nuAaJ1TPfvFdgi1diNipDR4HBTSryqqFI2pqoYgPRMQKCAQEAqUeo5Xlk7vmA9NXB\nPBq1604hpPjZhX0GsQhL6FodSmm1dFhReQV+5DxKcTqHzTH9V8iPulPO9XZ5d6pd\nSpB/r1WtfDAbrIQfjqeYK8tRja8VXSKkOFf+BT277F7gIz6+KtYJCKnfzXMj0Zko\nUd7gAHGtbggYPmIAnSWWWCzJ55QJ2tBfugq1NsvKhYFQOJ78yyO0lO7uVJGkTO9A\nqsn9NTeysus+DsO+5K1UDpBasKaYSkKa9fc6GHq2ov4dtlOjZ1XwqCD+OMqM52vz\nBe++NHZOq0TZN7RQrBStKBuOJDHHKcnypkIKpy32Y5JJOl0nZRfKsom74iv2fKDh\ngMatrwKCAQBJYvcEs9O8t5FKFpuiUeZHVfYJRTMxHkyuqVy3hcxYZdoV3CIV+v6q\n47W4bltFAtwoCng8vK7AHAB2rx1W4Wti+mniG4VrH2hdyR0i1vhdctQX9d6GhHKK\nKr0/MhfKXUgzQGBP/K+NXoAtNal2KAGC8vNlCqPQnCvgubbptFpNDrsiMYvcRI+A\n66c52/dRMi4tZjUcm8dafrZN9dzZOGd8ZIqD9co0tObP09+hPLe3tDbqXhBe52AX\ncuWFVN4LivSXNi2aTN1RNdbwAFPznEkOpB1GI18l7JbFqAePc45VXZd/7asDajvP\n4u8UTeI450PTU79IDa6pVi7jXmpM9I2xAoIBAFJjtr2pFmbI72zKEG+65zrfrwOM\nJvKGvM+iEtLZjS5MztMLHQ5vLpJyiI2pwyutD5iYbrYPxHTsJ5NmHtRZ9THVfn0m\nkpy3ymGvEIm7Xm9UlAAMDm4AIaiAkIkcOpkvr0SHnQi0QBLv1tCjHGkb37NsB4/9\n3OzGQ5AgtdAIzsivB2gbjOvnAlJaRraC8l8+Tx5genD6y8tDT1RLvnYiPX09mIXE\ngVN1QJtL8xdltBOoGnc42ArTvjpTLVubrL7Ocf7qIX/V/PhVC0ACdPq6mJ3m4X7I\nvFaFCXUE8hc55U9Z2/7r/CZAtL0KpqF6AOaMVLxKew68LY1UKSkiQFHMtsc=\n-----END RSA PRIVATE KEY-----\n",
            "private_key_pem_pkcs8": "-----BEGIN PRIVATE KEY-----\nMIIJQgIBADANBgkqhkiG9w0BAQEFAASCCSwwggkoAgEAAoICAQDEXX4hMpIl0d4J\nTwG8/ZwXn1W4A2xfunbjqXt6283O2lc9pP30SvUvvNpI4EsS4CuTGrmMwxrPK07G\nNX0LBYFBLsvQmyqSNiMSITMiHLNnSSFuBHztkP3PBoDbXyJdjlr1OrXvPTE33M9K\nZChlsLHFEHF4/6cceIRPb2D/Jps6TjTJa4RukbO3T4jblJpIs/GPKZA1Weoj8Dm7\n1C8IF4GG3P17PVod4S4P/TJwlXpe+J+13frdz2sLq36SnxA/0EBO6s//DwpZ19ro\nGDKlw2XfSIAgSHvhFYfyTgl6mpTvXGzS1gGR7Xmf55QOMjkLuZQKRrNd+RWge6zX\nSDf8g8xx62Fxp63fq0XTvmwGgMavAv7TxkL4QOcKPxRfa6+xxX6z3tH1onEN/h3J\nLb2Vk8dONGf3cQk9FzXE21CI8sHFrerh4cMhddhVYv/oCIogudfugggS0KUKr+NB\ni1EW50L9ZmO4mV7Ptcbzxm1qxT4qkAoVA9lEYC5lhC2i98HG7goQsmvk3UE5kKQi\n3niNjLV5fezKCXjFjrBe/O7DxIs2BHFjSW/qzKPLukD8XsqxhyhW2mcIKYS/T8vu\n9na/JNjH7hEu9WW4foiRsoE7EeXNciu0Zwdxk2Xgx6A/Lz2XwRRJMVC8LWEKcoIy\ncxJASrl0k0LUm51aP9dbQZczy2KxVwIDAQABAoICABppdOCkO7Iok1PvM42nEwq+\nXLo+g6Iwo3Mlxb0VuY38IkXhXmMwfeAo57drq81jJ5lGu/Rp/b4l1hek9Ce6WtNY\npwNtC4HVFEyI+Ka684qN9JgmtGMD4I+rEUPwfN/WmPdpKTV/ppIb+inIZQKgjJi0\nCH88685Ri4Jfuc039SMXh9QbyRlSMbkTUpYuW74xrekSrxnt+SdSVYGlHZpaBwsL\nyHB+JRPlyNtPtCwefvItQNYmgGq7TmuoaoLwMDBVI4E55jYpYLwK45/aOV3AdYBd\n8RXmifsReVKnGnFKP4Qei2ikbluhdH2EmY57RN8F3BqxvciDC1ylpe7jANzPIX1o\n1EvDTiDZsW7ijMI5CVzPvbfVD3hQevg65wfBwOogk4iB+oCk/6c4FmCNP0NYlj8R\nps6FqNbvpKq5Msb74+93Svqh1mZCZ5d+JrNXKkc73EdhaHJ2noagGZUZr+ul9eQR\nHt+0+014BaD5k//5TjXEZlDtYEnI0eQ2IvzsL1t5mXV4trm6kHYpAUqadvr+42/P\nKvsPkNWtZZ5GcHEK/eQoCms10nCOUEBaCA/bs/S5CGdv9FSc1F1YTDmX3t0DBSnd\ngi6OWeVieopz9AYP+infaSobs/VuKbXl0HgMSlhv5biwXxmEVL1/dMTZ0VYMPFNf\nUsr6Litl0Q/dO4T2NcbhAoIBAQDmX5/Jk684iZOJBbRSSmF+mXn1f5HCfJ4LGt3R\nDLgayXv5NHu9tx4wFW1G/+eLkaz8J/O5kmcVO/Pu/PLLeNaM+bnp8oHkpJ/lq8Hd\nLYcRS9D3NngU8ioeli6BI6KvPVD5voR6IiQ4IXnXD9CDRz+6sGHlm+8hNcP1CiKC\nhetzVEKSID0f/QTksoQ25vc70O3z+l0V6kD9dtJCZM859pc8BDsmA5aQRhKutw2d\nEosaNYlc/yEdtjnC8gJQ8dDDzdkSOZJX0UvEW/QfwFlnKPXKBkzS5EI35maBEVTM\nf2HLzr/p+gQ+Q5d+uC9Bm5CUy5wtsQkr+HFmNXimBjWwcUkHAoIBAQDaNWi/0LXA\n4KbmRa9ho7dmLW3ylnZhguJKAm6PJVEJxTBNYTnmk4mlCbSTXlHUeDPhvUPbB4gx\nF7Bmk4fJoPLAkdgq5dmKHsXnyfSvzTYSRa7Yc5J0WCUO3r2BRpgWo0867Zvcs+4L\nVioQrUayWXPkIUqxtKFjsGAKeMQA0+Yjh6CVjxsGeWroTsvDULluTJSGLX06TfsU\nGxhFXXMmNyG0HBhNxpQpwZOwikFbeE4CZE/YqSRgffwbZiO0z5ItDbH/W8cAIhir\np96GR+UBtcoqOLO6pPeYKU9dwG9nACv19sm4BonVM9+8V2CLV2I2KkNHgcFNKvKq\noUjamqhiA9ExAoIBAQCpR6jleWTu+YD01cE8GrXrTiGk+NmFfQaxCEvoWh1KabV0\nWFF5BX7kPEpxOofNMf1XyI+6U871dnl3ql1KkH+vVa18MBushB+Op5gry1GNrxVd\nIqQ4V/4FPbvsXuAjPr4q1gkIqd/NcyPRmShR3uAAca1uCBg+YgCdJZZYLMnnlAna\n0F+6CrU2y8qFgVA4nvzLI7SU7u5UkaRM70Cqyf01N7Ky6z4Ow77krVQOkFqwpphK\nQpr19zoYerai/h22U6NnVfCoIP44yozna/MF7740dk6rRNk3tFCsFK0oG44kMccp\nyfKmQgqnLfZjkkk6XSdlF8qyibviK/Z8oOGAxq2vAoIBAEli9wSz07y3kUoWm6JR\n5kdV9glFMzEeTK6pXLeFzFhl2hXcIhX6/qrjtbhuW0UC3CgKeDy8rsAcAHavHVbh\na2L6aeIbhWsfaF3JHSLW+F1y1Bf13oaEcooqvT8yF8pdSDNAYE/8r41egC01qXYo\nAYLy82UKo9CcK+C5tum0Wk0OuyIxi9xEj4Drpznb91EyLi1mNRybx1p+tk313Nk4\nZ3xkioP1yjS05s/T36E8t7e0NupeEF7nYBdy5YVU3guK9Jc2LZpM3VE11vAAU/Oc\nSQ6kHUYjXyXslsWoB49zjlVdl3/tqwNqO8/i7xRN4jjnQ9NTv0gNrqlWLuNeakz0\njbECggEAUmO2vakWZsjvbMoQb7rnOt+vA4wm8oa8z6IS0tmNLkzO0wsdDm8uknKI\njanDK60PmJhutg/EdOwnk2Ye1Fn1MdV+fSaSnLfKYa8Qibteb1SUAAwObgAhqICQ\niRw6mS+vRIedCLRAEu/W0KMcaRvfs2wHj/3c7MZDkCC10AjOyK8HaBuM6+cCUlpG\ntoLyXz5PHmB6cPrLy0NPVEu+diI9fT2YhcSBU3VAm0vzF2W0E6gadzjYCtO+OlMt\nW5usvs5x/uohf9X8+FULQAJ0+rqYnebhfsi8VoUJdQTyFznlT1nb/uv8JkC0vQqm\noXoA5oxUvEp7DrwtjVQpKSJAUcy2xw==\n-----END PRIVATE KEY-----\n",
            "public_key_fingerprint_md5": "b1:6d:81:b8:f4:7b:04:3a:ba:9b:37:93:2e:91:3f:5a",
            "public_key_fingerprint_sha256": "SHA256:hG2YvZHvcXu1rdIu9eaa0LPpLtwEEsOxaDBCTrjckIA",
            "public_key_openssh": "ssh-rsa AAAAB3NzaC1yc2EAAAADAQABAAACAQDEXX4hMpIl0d4JTwG8/ZwXn1W4A2xfunbjqXt6283O2lc9pP30SvUvvNpI4EsS4CuTGrmMwxrPK07GNX0LBYFBLsvQmyqSNiMSITMiHLNnSSFuBHztkP3PBoDbXyJdjlr1OrXvPTE33M9KZChlsLHFEHF4/6cceIRPb2D/Jps6TjTJa4RukbO3T4jblJpIs/GPKZA1Weoj8Dm71C8IF4GG3P17PVod4S4P/TJwlXpe+J+13frdz2sLq36SnxA/0EBO6s//DwpZ19roGDKlw2XfSIAgSHvhFYfyTgl6mpTvXGzS1gGR7Xmf55QOMjkLuZQKRrNd+RWge6zXSDf8g8xx62Fxp63fq0XTvmwGgMavAv7TxkL4QOcKPxRfa6+xxX6z3tH1onEN/h3JLb2Vk8dONGf3cQk9FzXE21CI8sHFrerh4cMhddhVYv/oCIogudfugggS0KUKr+NBi1EW50L9ZmO4mV7Ptcbzxm1qxT4qkAoVA9lEYC5lhC2i98HG7goQsmvk3UE5kKQi3niNjLV5fezKCXjFjrBe/O7DxIs2BHFjSW/qzKPLukD8XsqxhyhW2mcIKYS/T8vu9na/JNjH7hEu9WW4foiRsoE7EeXNciu0Zwdxk2Xgx6A/Lz2XwRRJMVC8LWEKcoIycxJASrl0k0LUm51aP9dbQZczy2KxVw==\n",
            "public_key_pem": "-----BEGIN PUBLIC KEY-----\nMIICIjANBgkqhkiG9w0BAQEFAAOCAg8AMIICCgKCAgEAxF1+ITKSJdHeCU8BvP2c\nF59VuANsX7p246l7etvNztpXPaT99Er1L7zaSOBLEuArkxq5jMMazytOxjV9CwWB\nQS7L0JsqkjYjEiEzIhyzZ0khbgR87ZD9zwaA218iXY5a9Tq17z0xN9zPSmQoZbCx\nxRBxeP+nHHiET29g/yabOk40yWuEbpGzt0+I25SaSLPxjymQNVnqI/A5u9QvCBeB\nhtz9ez1aHeEuD/0ycJV6Xviftd363c9rC6t+kp8QP9BATurP/w8KWdfa6BgypcNl\n30iAIEh74RWH8k4JepqU71xs0tYBke15n+eUDjI5C7mUCkazXfkVoHus10g3/IPM\ncethcaet36tF075sBoDGrwL+08ZC+EDnCj8UX2uvscV+s97R9aJxDf4dyS29lZPH\nTjRn93EJPRc1xNtQiPLBxa3q4eHDIXXYVWL/6AiKILnX7oIIEtClCq/jQYtRFudC\n/WZjuJlez7XG88ZtasU+KpAKFQPZRGAuZYQtovfBxu4KELJr5N1BOZCkIt54jYy1\neX3sygl4xY6wXvzuw8SLNgRxY0lv6syjy7pA/F7KsYcoVtpnCCmEv0/L7vZ2vyTY\nx+4RLvVluH6IkbKBOxHlzXIrtGcHcZNl4MegPy89l8EUSTFQvC1hCnKCMnMSQEq5\ndJNC1JudWj/XW0GXM8tisVcCAwEAAQ==\n-----END PUBLIC KEY-----\n",
            "rsa_bits": 4096
          },
          "sensitive_attributes": [
            [
              {
                "type": "get_attr",
                "value": "private_key_pem_pkcs8"
              }
            ],
            [
              {
                "type": "get_attr",
                "value": "private_key_pem"
              }
            ],
            [
              {
                "type": "get_attr",
                "value": "private_key_openssh"
              }
            ]
          ]
        }
      ]
    },
    {
      "module": "module.ec2_dashboard",
      "mode": "managed",
      "type": "aws_instance",
      "name": "dashboard",
      "provider": "provider[\"registry.terraform.io/hashicorp/aws\"]",
      "instances": [
        {
          "schema_version": 1,
          "attributes": {
            "ami": "ami-09e4ba81d75ebeb6a",
            "arn": "arn:aws:ec2:us-east-1:195275658561:instance/i-04722ff63fdb13357",
            "associate_public_ip_address": true,
            "availability_zone": "us-east-1a",
            "capacity_reservation_specification": [
              {
                "capacity_reservation_preference": "open",
                "capacity_reservation_target": []
              }
            ],
            "cpu_core_count": 1,
            "cpu_options": [
              {
                "amd_sev_snp": "",
                "core_count": 1,
                "threads_per_core": 1
              }
            ],
            "cpu_threads_per_core": 1,
            "credit_specification": [
              {
                "cpu_credits": "standard"
              }
            ],
            "disable_api_stop": false,
            "disable_api_termination": false,
            "ebs_block_device": [],
            "ebs_optimized": false,
            "enclave_options": [
              {
                "enabled": false
              }
            ],
            "ephemeral_block_device": [],
            "get_password_data": false,
            "hibernation": false,
            "host_id": "",
            "host_resource_group_arn": null,
            "iam_instance_profile": "",
            "id": "i-04722ff63fdb13357",
            "instance_initiated_shutdown_behavior": "stop",
            "instance_lifecycle": "",
            "instance_market_options": [],
            "instance_state": "running",
            "instance_type": "t2.micro",
            "ipv6_address_count": 0,
            "ipv6_addresses": [],
            "key_name": "dashboard-key",
            "launch_template": [],
            "maintenance_options": [
              {
                "auto_recovery": "default"
              }
            ],
            "metadata_options": [
              {
                "http_endpoint": "enabled",
                "http_protocol_ipv6": "disabled",
                "http_put_response_hop_limit": 1,
                "http_tokens": "optional",
                "instance_metadata_tags": "disabled"
              }
            ],
            "monitoring": false,
            "network_interface": [],
            "outpost_arn": "",
            "password_data": "",
            "placement_group": "",
            "placement_partition_number": 0,
            "primary_network_interface_id": "eni-0e7371a1a8eaf3be1",
            "private_dns": "ip-10-0-1-100.ec2.internal",
            "private_dns_name_options": [
              {
                "enable_resource_name_dns_a_record": false,
                "enable_resource_name_dns_aaaa_record": false,
                "hostname_type": "ip-name"
              }
            ],
            "private_ip": "10.0.1.100",
            "public_dns": "ec2-44-211-196-75.compute-1.amazonaws.com",
            "public_ip": "44.211.196.75",
            "root_block_device": [
              {
                "delete_on_termination": true,
                "device_name": "/dev/xvda",
                "encrypted": false,
                "iops": 100,
                "kms_key_id": "",
                "tags": {},
                "tags_all": {},
                "throughput": 0,
                "volume_id": "vol-041415be76b703e08",
                "volume_size": 8,
                "volume_type": "gp2"
              }
            ],
            "secondary_private_ips": [],
            "security_groups": [],
            "source_dest_check": true,
            "spot_instance_request_id": "",
            "subnet_id": "subnet-06d00a52f71ce6bbe",
            "tags": {
              "Name": "EC2-Dashboard"
            },
            "tags_all": {
              "Name": "EC2-Dashboard"
            },
            "tenancy": "default",
            "timeouts": null,
            "user_data": "dba84032c61aef03e57167324636eeb523f15deb",
            "user_data_base64": null,
            "user_data_replace_on_change": false,
            "volume_tags": null,
            "vpc_security_group_ids": [
              "sg-04b1e0a48c78afd01"
            ]
          },
          "sensitive_attributes": [],
          "private": "eyJlMmJmYjczMC1lY2FhLTExZTYtOGY4OC0zNDM2M2JjN2M0YzAiOnsiY3JlYXRlIjo2MDAwMDAwMDAwMDAsImRlbGV0ZSI6MTIwMDAwMDAwMDAwMCwicmVhZCI6OTAwMDAwMDAwMDAwLCJ1cGRhdGUiOjYwMDAwMDAwMDAwMH0sInNjaGVtYV92ZXJzaW9uIjoiMSJ9",
          "dependencies": [
            "aws_key_pair.dashboard_key",
            "data.aws_ami.latest_amazon_linux",
            "module.vpc.aws_security_group.dashboard_sg",
            "module.vpc.aws_subnet.public",
            "module.vpc.aws_vpc.main",
            "tls_private_key.rsa"
          ]
        }
      ]
    },
    {
      "module": "module.ec2_dashboard",
      "mode": "managed",
      "type": "aws_security_group",
      "name": "dashboard_sg",
      "provider": "provider[\"registry.terraform.io/hashicorp/aws\"]",
      "instances": [
        {
          "schema_version": 1,
          "attributes": {
            "arn": "arn:aws:ec2:us-east-1:195275658561:security-group/sg-07aba84f472ecc133",
            "description": "Allow HTTP and SSH traffic",
            "egress": [
              {
                "cidr_blocks": [
                  "0.0.0.0/0"
                ],
                "description": "",
                "from_port": 0,
                "ipv6_cidr_blocks": [],
                "prefix_list_ids": [],
                "protocol": "-1",
                "security_groups": [],
                "self": false,
                "to_port": 0
              }
            ],
            "id": "sg-07aba84f472ecc133",
            "ingress": [
              {
                "cidr_blocks": [
                  "0.0.0.0/0"
                ],
                "description": "",
                "from_port": 22,
                "ipv6_cidr_blocks": [],
                "prefix_list_ids": [],
                "protocol": "tcp",
                "security_groups": [],
                "self": false,
                "to_port": 22
              },
              {
                "cidr_blocks": [
                  "0.0.0.0/0"
                ],
                "description": "",
                "from_port": 80,
                "ipv6_cidr_blocks": [],
                "prefix_list_ids": [],
                "protocol": "tcp",
                "security_groups": [],
                "self": false,
                "to_port": 80
              }
            ],
            "name": "dashboard-sg",
            "name_prefix": "",
            "owner_id": "195275658561",
            "revoke_rules_on_delete": false,
            "tags": {
              "Name": "Dashboard-Security-Group"
            },
            "tags_all": {
              "Name": "Dashboard-Security-Group"
            },
            "timeouts": null,
            "vpc_id": "vpc-04a849ff620db9e6a"
          },
          "sensitive_attributes": [],
          "private": "eyJlMmJmYjczMC1lY2FhLTExZTYtOGY4OC0zNDM2M2JjN2M0YzAiOnsiY3JlYXRlIjo2MDAwMDAwMDAwMDAsImRlbGV0ZSI6OTAwMDAwMDAwMDAwfSwic2NoZW1hX3ZlcnNpb24iOiIxIn0=",
          "dependencies": [
            "module.vpc.aws_vpc.main"
          ]
        }
      ]
    },
    {
      "module": "module.s3_logging",
      "mode": "managed",
      "type": "aws_s3_bucket",
      "name": "logging",
      "provider": "provider[\"registry.terraform.io/hashicorp/aws\"]",
      "instances": [
        {
          "schema_version": 0,
          "attributes": {
            "acceleration_status": "",
            "acl": null,
            "arn": "arn:aws:s3:::my-logging-buck-tf-security-lab",
            "bucket": "my-logging-buck-tf-security-lab",
            "bucket_domain_name": "my-logging-buck-tf-security-lab.s3.amazonaws.com",
            "bucket_prefix": "",
            "bucket_regional_domain_name": "my-logging-buck-tf-security-lab.s3.us-east-1.amazonaws.com",
            "cors_rule": [],
            "force_destroy": true,
            "grant": [
              {
                "id": "e2e24c929d4fd983f30557d14a15b1fb854ab9eac68bcb3cd7fed71414340d9c",
                "permissions": [
                  "FULL_CONTROL"
                ],
                "type": "CanonicalUser",
                "uri": ""
              }
            ],
            "hosted_zone_id": "Z3AQBSTGFYJSTF",
            "id": "my-logging-buck-tf-security-lab",
            "lifecycle_rule": [],
            "logging": [],
            "object_lock_configuration": [],
            "object_lock_enabled": false,
            "policy": "",
            "region": "us-east-1",
            "replication_configuration": [],
            "request_payer": "BucketOwner",
            "server_side_encryption_configuration": [
              {
                "rule": [
                  {
                    "apply_server_side_encryption_by_default": [
                      {
                        "kms_master_key_id": "",
                        "sse_algorithm": "AES256"
                      }
                    ],
                    "bucket_key_enabled": false
                  }
                ]
              }
            ],
            "tags": {
              "Environment": "prod",
              "Name": "my-logging-buck-tf-security-lab"
            },
            "tags_all": {
              "Environment": "prod",
              "Name": "my-logging-buck-tf-security-lab"
            },
            "timeouts": null,
            "versioning": [
              {
                "enabled": false,
                "mfa_delete": false
              }
            ],
            "website": [],
            "website_domain": null,
            "website_endpoint": null
          },
          "sensitive_attributes": [],
          "private": "eyJlMmJmYjczMC1lY2FhLTExZTYtOGY4OC0zNDM2M2JjN2M0YzAiOnsiY3JlYXRlIjoxMjAwMDAwMDAwMDAwLCJkZWxldGUiOjM2MDAwMDAwMDAwMDAsInJlYWQiOjEyMDAwMDAwMDAwMDAsInVwZGF0ZSI6MTIwMDAwMDAwMDAwMH19"
        }
      ]
    },
    {
      "module": "module.s3_logging",
      "mode": "managed",
      "type": "aws_s3_bucket_lifecycle_configuration",
      "name": "lifecycle",
      "provider": "provider[\"registry.terraform.io/hashicorp/aws\"]",
      "instances": [
        {
          "schema_version": 0,
          "attributes": {
            "bucket": "my-logging-buck-tf-security-lab",
            "expected_bucket_owner": "",
            "id": "my-logging-buck-tf-security-lab",
            "rule": [
              {
                "abort_incomplete_multipart_upload": [],
                "expiration": [
                  {
                    "date": "",
                    "days": 0,
                    "expired_object_delete_marker": true
                  }
                ],
                "filter": [
                  {
                    "and": [],
                    "object_size_greater_than": "",
                    "object_size_less_than": "",
                    "prefix": "",
                    "tag": []
                  }
                ],
                "id": "expire-old-versions",
                "noncurrent_version_expiration": [
                  {
                    "newer_noncurrent_versions": "",
                    "noncurrent_days": 60
                  }
                ],
                "noncurrent_version_transition": [],
                "prefix": "",
                "status": "Enabled",
                "transition": []
              }
            ],
            "timeouts": null,
            "transition_default_minimum_object_size": "all_storage_classes_128K"
          },
          "sensitive_attributes": [],
          "private": "eyJlMmJmYjczMC1lY2FhLTExZTYtOGY4OC0zNDM2M2JjN2M0YzAiOnsiY3JlYXRlIjoxODAwMDAwMDAwMDAsInVwZGF0ZSI6MTgwMDAwMDAwMDAwfX0=",
          "dependencies": [
            "module.s3_logging.aws_s3_bucket.logging"
          ]
        }
      ]
    },
    {
      "module": "module.s3_logging",
      "mode": "managed",
      "type": "aws_s3_bucket_public_access_block",
      "name": "public_access",
      "provider": "provider[\"registry.terraform.io/hashicorp/aws\"]",
      "instances": [
        {
          "schema_version": 0,
          "attributes": {
            "block_public_acls": true,
            "block_public_policy": true,
            "bucket": "my-logging-buck-tf-security-lab",
            "id": "my-logging-buck-tf-security-lab",
            "ignore_public_acls": true,
            "restrict_public_buckets": true
          },
          "sensitive_attributes": [],
          "private": "bnVsbA==",
          "dependencies": [
            "module.s3_logging.aws_s3_bucket.logging"
          ]
        }
      ]
    },
    {
      "module": "module.s3_logging",
      "mode": "managed",
      "type": "aws_s3_bucket_server_side_encryption_configuration",
      "name": "encryption",
      "provider": "provider[\"registry.terraform.io/hashicorp/aws\"]",
      "instances": [
        {
          "schema_version": 0,
          "attributes": {
            "bucket": "my-logging-buck-tf-security-lab",
            "expected_bucket_owner": "",
            "id": "my-logging-buck-tf-security-lab",
            "rule": [
              {
                "apply_server_side_encryption_by_default": [
                  {
                    "kms_master_key_id": "arn:aws:kms:us-east-1:123456789012:key/example-key-id",
                    "sse_algorithm": "aws:kms"
                  }
                ],
                "bucket_key_enabled": null
              }
            ]
          },
          "sensitive_attributes": [],
          "private": "bnVsbA==",
          "dependencies": [
            "module.s3_logging.aws_s3_bucket.logging"
          ]
        }
      ]
    },
    {
      "module": "module.s3_logging",
      "mode": "managed",
      "type": "aws_s3_bucket_versioning",
      "name": "logging",
      "provider": "provider[\"registry.terraform.io/hashicorp/aws\"]",
      "instances": [
        {
          "schema_version": 0,
          "attributes": {
            "bucket": "my-logging-buck-tf-security-lab",
            "expected_bucket_owner": "",
            "id": "my-logging-buck-tf-security-lab",
            "mfa": null,
            "versioning_configuration": [
              {
                "mfa_delete": "",
                "status": "Enabled"
              }
            ]
          },
          "sensitive_attributes": [],
          "private": "bnVsbA==",
          "dependencies": [
            "module.s3_logging.aws_s3_bucket.logging"
          ]
        }
      ]
    },
    {
      "module": "module.security_services",
      "mode": "managed",
      "type": "aws_guardduty_detector",
      "name": "main",
      "provider": "module.security_services.provider[\"registry.terraform.io/hashicorp/aws\"]",
      "instances": [
        {
          "schema_version": 0,
          "attributes": {
            "account_id": "195275658561",
            "arn": "arn:aws:guardduty:us-east-1:195275658561:detector/08c99ff557a4ee94653b5151086e6ae3",
            "datasources": [
              {
                "kubernetes": [
                  {
                    "audit_logs": [
                      {
                        "enable": true
                      }
                    ]
                  }
                ],
                "malware_protection": [
                  {
                    "scan_ec2_instance_with_findings": [
                      {
                        "ebs_volumes": [
                          {
                            "enable": true
                          }
                        ]
                      }
                    ]
                  }
                ],
                "s3_logs": [
                  {
                    "enable": true
                  }
                ]
              }
            ],
            "enable": true,
            "finding_publishing_frequency": "SIX_HOURS",
            "id": "08c99ff557a4ee94653b5151086e6ae3",
            "tags": null,
            "tags_all": {}
          },
          "sensitive_attributes": [],
          "private": "bnVsbA=="
        }
      ]
    },
    {
      "module": "module.security_services",
      "mode": "managed",
      "type": "aws_guardduty_member",
      "name": "members",
      "provider": "module.security_services.provider[\"registry.terraform.io/hashicorp/aws\"]",
      "instances": [
        {
          "index_key": "098765432109",
          "schema_version": 0,
          "attributes": {
            "account_id": "098765432109",
            "detector_id": "08c99ff557a4ee94653b5151086e6ae3",
            "disable_email_notification": null,
            "email": "security+098765432109@example.com",
            "id": "08c99ff557a4ee94653b5151086e6ae3:098765432109",
            "invitation_message": "GuardDuty is enabled in your account.",
            "invite": false,
            "relationship_status": "Created",
            "timeouts": null
          },
          "sensitive_attributes": [],
          "private": "eyJlMmJmYjczMC1lY2FhLTExZTYtOGY4OC0zNDM2M2JjN2M0YzAiOnsiY3JlYXRlIjo2MDAwMDAwMDAwMCwidXBkYXRlIjo2MDAwMDAwMDAwMH19",
          "dependencies": [
            "module.security_services.aws_guardduty_detector.main"
          ]
        },
        {
          "index_key": "123456789012",
          "schema_version": 0,
          "attributes": {
            "account_id": "123456789012",
            "detector_id": "08c99ff557a4ee94653b5151086e6ae3",
            "disable_email_notification": null,
            "email": "security+123456789012@example.com",
            "id": "08c99ff557a4ee94653b5151086e6ae3:123456789012",
            "invitation_message": "GuardDuty is enabled in your account.",
            "invite": false,
            "relationship_status": "Created",
            "timeouts": null
          },
          "sensitive_attributes": [],
          "private": "eyJlMmJmYjczMC1lY2FhLTExZTYtOGY4OC0zNDM2M2JjN2M0YzAiOnsiY3JlYXRlIjo2MDAwMDAwMDAwMCwidXBkYXRlIjo2MDAwMDAwMDAwMH19",
          "dependencies": [
            "module.security_services.aws_guardduty_detector.main"
          ]
        }
      ]
    },
    {
      "module": "module.security_services",
      "mode": "managed",
      "type": "aws_securityhub_account",
      "name": "main",
      "provider": "module.security_services.provider[\"registry.terraform.io/hashicorp/aws\"]",
      "instances": [
        {
          "schema_version": 1,
          "attributes": {
            "arn": "arn:aws:securityhub:us-east-1:195275658561:hub/default",
            "auto_enable_controls": true,
            "control_finding_generator": "SECURITY_CONTROL",
            "enable_default_standards": true,
            "id": "195275658561"
          },
          "sensitive_attributes": [],
          "private": "eyJzY2hlbWFfdmVyc2lvbiI6IjEifQ=="
        }
      ]
    },
    {
      "module": "module.security_services",
      "mode": "managed",
      "type": "aws_securityhub_standards_subscription",
      "name": "cis",
      "provider": "module.security_services.provider[\"registry.terraform.io/hashicorp/aws\"]",
      "instances": [
        {
          "schema_version": 0,
          "attributes": {
            "id": "arn:aws:securityhub:us-east-1:195275658561:subscription/cis-aws-foundations-benchmark/v/1.2.0",
            "standards_arn": "arn:aws:securityhub:::ruleset/cis-aws-foundations-benchmark/v/1.2.0"
          },
          "sensitive_attributes": [],
          "private": "bnVsbA==",
          "dependencies": [
            "module.security_services.aws_securityhub_account.main"
          ]
        }
      ]
    },
    {
      "module": "module.vpc",
      "mode": "managed",
      "type": "aws_internet_gateway",
      "name": "igw",
      "provider": "provider[\"registry.terraform.io/hashicorp/aws\"]",
      "instances": [
        {
          "schema_version": 0,
          "attributes": {
            "arn": "arn:aws:ec2:us-east-1:195275658561:internet-gateway/igw-0440ac2c36e294e80",
            "id": "igw-0440ac2c36e294e80",
            "owner_id": "195275658561",
            "tags": {
              "Name": "secure-vpc-igw"
            },
            "tags_all": {
              "Name": "secure-vpc-igw"
            },
            "timeouts": null,
            "vpc_id": "vpc-04a849ff620db9e6a"
          },
          "sensitive_attributes": [],
          "private": "eyJlMmJmYjczMC1lY2FhLTExZTYtOGY4OC0zNDM2M2JjN2M0YzAiOnsiY3JlYXRlIjoxMjAwMDAwMDAwMDAwLCJkZWxldGUiOjEyMDAwMDAwMDAwMDAsInVwZGF0ZSI6MTIwMDAwMDAwMDAwMH19",
          "dependencies": [
            "module.vpc.aws_vpc.main"
          ]
        }
      ]
    },
    {
      "module": "module.vpc",
      "mode": "managed",
      "type": "aws_route_table",
      "name": "public",
      "provider": "provider[\"registry.terraform.io/hashicorp/aws\"]",
      "instances": [
        {
          "schema_version": 0,
          "attributes": {
            "arn": "arn:aws:ec2:us-east-1:195275658561:route-table/rtb-0861f79172273ad70",
            "id": "rtb-0861f79172273ad70",
            "owner_id": "195275658561",
            "propagating_vgws": [],
            "route": [
              {
                "carrier_gateway_id": "",
                "cidr_block": "0.0.0.0/0",
                "core_network_arn": "",
                "destination_prefix_list_id": "",
                "egress_only_gateway_id": "",
                "gateway_id": "igw-0440ac2c36e294e80",
                "ipv6_cidr_block": "",
                "local_gateway_id": "",
                "nat_gateway_id": "",
                "network_interface_id": "",
                "transit_gateway_id": "",
                "vpc_endpoint_id": "",
                "vpc_peering_connection_id": ""
              }
            ],
            "tags": {
              "Name": "public-route-table"
            },
            "tags_all": {
              "Name": "public-route-table"
            },
            "timeouts": null,
            "vpc_id": "vpc-04a849ff620db9e6a"
          },
          "sensitive_attributes": [],
          "private": "eyJlMmJmYjczMC1lY2FhLTExZTYtOGY4OC0zNDM2M2JjN2M0YzAiOnsiY3JlYXRlIjozMDAwMDAwMDAwMDAsImRlbGV0ZSI6MzAwMDAwMDAwMDAwLCJ1cGRhdGUiOjEyMDAwMDAwMDAwMH19",
          "dependencies": [
            "module.vpc.aws_internet_gateway.igw",
            "module.vpc.aws_vpc.main"
          ]
        }
      ]
    },
    {
      "module": "module.vpc",
      "mode": "managed",
      "type": "aws_route_table_association",
      "name": "public_association",
      "provider": "provider[\"registry.terraform.io/hashicorp/aws\"]",
      "instances": [
        {
          "index_key": "subnet1",
          "schema_version": 0,
          "attributes": {
            "gateway_id": "",
            "id": "rtbassoc-05dc2bb49eef6c0b8",
            "route_table_id": "rtb-0861f79172273ad70",
            "subnet_id": "subnet-06d00a52f71ce6bbe",
            "timeouts": null
          },
          "sensitive_attributes": [],
          "private": "eyJlMmJmYjczMC1lY2FhLTExZTYtOGY4OC0zNDM2M2JjN2M0YzAiOnsiY3JlYXRlIjozMDAwMDAwMDAwMDAsImRlbGV0ZSI6MzAwMDAwMDAwMDAwLCJ1cGRhdGUiOjEyMDAwMDAwMDAwMH19",
          "dependencies": [
            "module.vpc.aws_internet_gateway.igw",
            "module.vpc.aws_route_table.public",
            "module.vpc.aws_subnet.public",
            "module.vpc.aws_vpc.main"
          ]
        },
        {
          "index_key": "subnet2",
          "schema_version": 0,
          "attributes": {
            "gateway_id": "",
            "id": "rtbassoc-0ddd3135359e3417c",
            "route_table_id": "rtb-0861f79172273ad70",
            "subnet_id": "subnet-089aaa95ba37c39c4",
            "timeouts": null
          },
          "sensitive_attributes": [],
          "private": "eyJlMmJmYjczMC1lY2FhLTExZTYtOGY4OC0zNDM2M2JjN2M0YzAiOnsiY3JlYXRlIjozMDAwMDAwMDAwMDAsImRlbGV0ZSI6MzAwMDAwMDAwMDAwLCJ1cGRhdGUiOjEyMDAwMDAwMDAwMH19",
          "dependencies": [
            "module.vpc.aws_internet_gateway.igw",
            "module.vpc.aws_route_table.public",
            "module.vpc.aws_subnet.public",
            "module.vpc.aws_vpc.main"
          ]
        }
      ]
    },
    {
      "module": "module.vpc",
      "mode": "managed",
      "type": "aws_security_group",
      "name": "dashboard_sg",
      "provider": "provider[\"registry.terraform.io/hashicorp/aws\"]",
      "instances": [
        {
          "schema_version": 1,
          "attributes": {
            "arn": "arn:aws:ec2:us-east-1:195275658561:security-group/sg-04b1e0a48c78afd01",
            "description": "Allow HTTP and SSH traffic",
            "egress": [
              {
                "cidr_blocks": [
                  "0.0.0.0/0"
                ],
                "description": "",
                "from_port": 0,
                "ipv6_cidr_blocks": [],
                "prefix_list_ids": [],
                "protocol": "-1",
                "security_groups": [],
                "self": false,
                "to_port": 0
              }
            ],
            "id": "sg-04b1e0a48c78afd01",
            "ingress": [
              {
                "cidr_blocks": [
                  "0.0.0.0/0"
                ],
                "description": "",
                "from_port": 22,
                "ipv6_cidr_blocks": [],
                "prefix_list_ids": [],
                "protocol": "tcp",
                "security_groups": [],
                "self": false,
                "to_port": 22
              },
              {
                "cidr_blocks": [
                  "0.0.0.0/0"
                ],
                "description": "",
                "from_port": 80,
                "ipv6_cidr_blocks": [],
                "prefix_list_ids": [],
                "protocol": "tcp",
                "security_groups": [],
                "self": false,
                "to_port": 80
              }
            ],
            "name": "dashboard-sg-new",
            "name_prefix": "",
            "owner_id": "195275658561",
            "revoke_rules_on_delete": false,
            "tags": {
              "Name": "Dashboard-Security-Group"
            },
            "tags_all": {
              "Name": "Dashboard-Security-Group"
            },
            "timeouts": null,
            "vpc_id": "vpc-04a849ff620db9e6a"
          },
          "sensitive_attributes": [],
          "private": "eyJlMmJmYjczMC1lY2FhLTExZTYtOGY4OC0zNDM2M2JjN2M0YzAiOnsiY3JlYXRlIjo2MDAwMDAwMDAwMDAsImRlbGV0ZSI6OTAwMDAwMDAwMDAwfSwic2NoZW1hX3ZlcnNpb24iOiIxIn0=",
          "dependencies": [
            "module.vpc.aws_vpc.main"
          ]
        }
      ]
    },
    {
      "module": "module.vpc",
      "mode": "managed",
      "type": "aws_subnet",
      "name": "private",
      "provider": "provider[\"registry.terraform.io/hashicorp/aws\"]",
      "instances": [
        {
          "index_key": "subnet1",
          "schema_version": 1,
          "attributes": {
            "arn": "arn:aws:ec2:us-east-1:195275658561:subnet/subnet-0865b9c5b2d707d9d",
            "assign_ipv6_address_on_creation": false,
            "availability_zone": "us-east-1c",
            "availability_zone_id": "use1-az6",
            "cidr_block": "10.0.2.0/24",
            "customer_owned_ipv4_pool": "",
            "enable_dns64": false,
            "enable_lni_at_device_index": 0,
            "enable_resource_name_dns_a_record_on_launch": false,
            "enable_resource_name_dns_aaaa_record_on_launch": false,
            "id": "subnet-0865b9c5b2d707d9d",
            "ipv6_cidr_block": "",
            "ipv6_cidr_block_association_id": "",
            "ipv6_native": false,
            "map_customer_owned_ip_on_launch": false,
            "map_public_ip_on_launch": false,
            "outpost_arn": "",
            "owner_id": "195275658561",
            "private_dns_hostname_type_on_launch": "ip-name",
            "tags": {
              "Name": "PrivateSubnet-subnet1"
            },
            "tags_all": {
              "Name": "PrivateSubnet-subnet1"
            },
            "timeouts": null,
            "vpc_id": "vpc-04a849ff620db9e6a"
          },
          "sensitive_attributes": [],
          "private": "eyJlMmJmYjczMC1lY2FhLTExZTYtOGY4OC0zNDM2M2JjN2M0YzAiOnsiY3JlYXRlIjo2MDAwMDAwMDAwMDAsImRlbGV0ZSI6MTIwMDAwMDAwMDAwMH0sInNjaGVtYV92ZXJzaW9uIjoiMSJ9",
          "dependencies": [
            "module.vpc.aws_vpc.main"
          ]
        },
        {
          "index_key": "subnet2",
          "schema_version": 1,
          "attributes": {
            "arn": "arn:aws:ec2:us-east-1:195275658561:subnet/subnet-063683b7353504ae4",
            "assign_ipv6_address_on_creation": false,
            "availability_zone": "us-east-1f",
            "availability_zone_id": "use1-az5",
            "cidr_block": "10.0.4.0/24",
            "customer_owned_ipv4_pool": "",
            "enable_dns64": false,
            "enable_lni_at_device_index": 0,
            "enable_resource_name_dns_a_record_on_launch": false,
            "enable_resource_name_dns_aaaa_record_on_launch": false,
            "id": "subnet-063683b7353504ae4",
            "ipv6_cidr_block": "",
            "ipv6_cidr_block_association_id": "",
            "ipv6_native": false,
            "map_customer_owned_ip_on_launch": false,
            "map_public_ip_on_launch": false,
            "outpost_arn": "",
            "owner_id": "195275658561",
            "private_dns_hostname_type_on_launch": "ip-name",
            "tags": {
              "Name": "PrivateSubnet-subnet2"
            },
            "tags_all": {
              "Name": "PrivateSubnet-subnet2"
            },
            "timeouts": null,
            "vpc_id": "vpc-04a849ff620db9e6a"
          },
          "sensitive_attributes": [],
          "private": "eyJlMmJmYjczMC1lY2FhLTExZTYtOGY4OC0zNDM2M2JjN2M0YzAiOnsiY3JlYXRlIjo2MDAwMDAwMDAwMDAsImRlbGV0ZSI6MTIwMDAwMDAwMDAwMH0sInNjaGVtYV92ZXJzaW9uIjoiMSJ9",
          "dependencies": [
            "module.vpc.aws_vpc.main"
          ]
        }
      ]
    },
    {
      "module": "module.vpc",
      "mode": "managed",
      "type": "aws_subnet",
      "name": "public",
      "provider": "provider[\"registry.terraform.io/hashicorp/aws\"]",
      "instances": [
        {
          "index_key": "subnet1",
          "schema_version": 1,
          "attributes": {
            "arn": "arn:aws:ec2:us-east-1:195275658561:subnet/subnet-06d00a52f71ce6bbe",
            "assign_ipv6_address_on_creation": false,
            "availability_zone": "us-east-1a",
            "availability_zone_id": "use1-az2",
            "cidr_block": "10.0.1.0/24",
            "customer_owned_ipv4_pool": "",
            "enable_dns64": false,
            "enable_lni_at_device_index": 0,
            "enable_resource_name_dns_a_record_on_launch": false,
            "enable_resource_name_dns_aaaa_record_on_launch": false,
            "id": "subnet-06d00a52f71ce6bbe",
            "ipv6_cidr_block": "",
            "ipv6_cidr_block_association_id": "",
            "ipv6_native": false,
            "map_customer_owned_ip_on_launch": false,
            "map_public_ip_on_launch": true,
            "outpost_arn": "",
            "owner_id": "195275658561",
            "private_dns_hostname_type_on_launch": "ip-name",
            "tags": {
              "Name": "PublicSubnet-subnet1"
            },
            "tags_all": {
              "Name": "PublicSubnet-subnet1"
            },
            "timeouts": null,
            "vpc_id": "vpc-04a849ff620db9e6a"
          },
          "sensitive_attributes": [],
          "private": "eyJlMmJmYjczMC1lY2FhLTExZTYtOGY4OC0zNDM2M2JjN2M0YzAiOnsiY3JlYXRlIjo2MDAwMDAwMDAwMDAsImRlbGV0ZSI6MTIwMDAwMDAwMDAwMH0sInNjaGVtYV92ZXJzaW9uIjoiMSJ9",
          "dependencies": [
            "module.vpc.aws_vpc.main"
          ]
        },
        {
          "index_key": "subnet2",
          "schema_version": 1,
          "attributes": {
            "arn": "arn:aws:ec2:us-east-1:195275658561:subnet/subnet-089aaa95ba37c39c4",
            "assign_ipv6_address_on_creation": false,
            "availability_zone": "us-east-1b",
            "availability_zone_id": "use1-az4",
            "cidr_block": "10.0.3.0/24",
            "customer_owned_ipv4_pool": "",
            "enable_dns64": false,
            "enable_lni_at_device_index": 0,
            "enable_resource_name_dns_a_record_on_launch": false,
            "enable_resource_name_dns_aaaa_record_on_launch": false,
            "id": "subnet-089aaa95ba37c39c4",
            "ipv6_cidr_block": "",
            "ipv6_cidr_block_association_id": "",
            "ipv6_native": false,
            "map_customer_owned_ip_on_launch": false,
            "map_public_ip_on_launch": true,
            "outpost_arn": "",
            "owner_id": "195275658561",
            "private_dns_hostname_type_on_launch": "ip-name",
            "tags": {
              "Name": "PublicSubnet-subnet2"
            },
            "tags_all": {
              "Name": "PublicSubnet-subnet2"
            },
            "timeouts": null,
            "vpc_id": "vpc-04a849ff620db9e6a"
          },
          "sensitive_attributes": [],
          "private": "eyJlMmJmYjczMC1lY2FhLTExZTYtOGY4OC0zNDM2M2JjN2M0YzAiOnsiY3JlYXRlIjo2MDAwMDAwMDAwMDAsImRlbGV0ZSI6MTIwMDAwMDAwMDAwMH0sInNjaGVtYV92ZXJzaW9uIjoiMSJ9",
          "dependencies": [
            "module.vpc.aws_vpc.main"
          ]
        }
      ]
    },
    {
      "module": "module.vpc",
      "mode": "managed",
      "type": "aws_vpc",
      "name": "main",
      "provider": "provider[\"registry.terraform.io/hashicorp/aws\"]",
      "instances": [
        {
          "schema_version": 1,
          "attributes": {
            "arn": "arn:aws:ec2:us-east-1:195275658561:vpc/vpc-04a849ff620db9e6a",
            "assign_generated_ipv6_cidr_block": false,
            "cidr_block": "10.0.0.0/16",
            "default_network_acl_id": "acl-00755dd662e9b179f",
            "default_route_table_id": "rtb-047255ebe53e054e6",
            "default_security_group_id": "sg-00683bbe1f256b4d6",
            "dhcp_options_id": "dopt-0a7303aeb07ac9905",
            "enable_dns_hostnames": true,
            "enable_dns_support": true,
            "enable_network_address_usage_metrics": false,
            "id": "vpc-04a849ff620db9e6a",
            "instance_tenancy": "default",
            "ipv4_ipam_pool_id": null,
            "ipv4_netmask_length": null,
            "ipv6_association_id": "",
            "ipv6_cidr_block": "",
            "ipv6_cidr_block_network_border_group": "",
            "ipv6_ipam_pool_id": "",
            "ipv6_netmask_length": 0,
            "main_route_table_id": "rtb-047255ebe53e054e6",
            "owner_id": "195275658561",
            "tags": {
              "Name": "secure-vpc"
            },
            "tags_all": {
              "Name": "secure-vpc"
            }
          },
          "sensitive_attributes": [],
          "private": "eyJzY2hlbWFfdmVyc2lvbiI6IjEifQ=="
        }
      ]
    }
  ],
  "check_results": null
}
